
Microsoft Visual Studio Solution File, Format Version 12.00
# Visual Studio Version 17
VisualStudioVersion = 17.6.33829.357
MinimumVisualStudioVersion = 10.0.40219.1
Project("{FAE04EC0-301F-11D3-BF4B-00C04F79EFBC}") = "MvcCoreEnfermosEF", "MvcCoreEnfermosEF.csproj", "{4E1DE626-9C4E-489E-AC65-0F0561CAD7C5}"
EndProject
Global
	GlobalSection(SolutionConfigurationPlatforms) = preSolution
		Debug|Any CPU = Debug|Any CPU
		Release|Any CPU = Release|Any CPU
	EndGlobalSection
	GlobalSection(ProjectConfigurationPlatforms) = postSolution
		{4E1DE626-9C4E-489E-AC65-0F0561CAD7C5}.Debug|Any CPU.ActiveCfg = Debug|Any CPU
		{4E1DE626-9C4E-489E-AC65-0F0561CAD7C5}.Debug|Any CPU.Build.0 = Debug|Any CPU
		{4E1DE626-9C4E-489E-AC65-0F0561CAD7C5}.Release|Any CPU.ActiveCfg = Release|Any CPU
		{4E1DE626-9C4E-489E-AC65-0F0561CAD7C5}.Release|Any CPU.Build.0 = Release|Any CPU
	EndGlobalSection
	GlobalSection(SolutionProperties) = preSolution
		HideSolutionNode = FALSE
	EndGlobalSection
	GlobalSection(ExtensibilityGlobals) = postSolution
		SolutionGuid = {EDD4862E-E0FD-4785-BAF0-DC10DAED65C8}
	EndGlobalSection
EndGlobal
