
Microsoft Visual Studio Solution File, Format Version 12.00
# Visual Studio Version 17
VisualStudioVersion = 17.6.33829.357
MinimumVisualStudioVersion = 10.0.40219.1
Project("{FAE04EC0-301F-11D3-BF4B-00C04F79EFBC}") = "NetCoreSeguridadAdministradaCero", "NetCoreSeguridadAdministradaCero.csproj", "{C86B958B-1D34-4524-BFCA-24882A2E3969}"
EndProject
Global
	GlobalSection(SolutionConfigurationPlatforms) = preSolution
		Debug|Any CPU = Debug|Any CPU
		Release|Any CPU = Release|Any CPU
	EndGlobalSection
	GlobalSection(ProjectConfigurationPlatforms) = postSolution
		{C86B958B-1D34-4524-BFCA-24882A2E3969}.Debug|Any CPU.ActiveCfg = Debug|Any CPU
		{C86B958B-1D34-4524-BFCA-24882A2E3969}.Debug|Any CPU.Build.0 = Debug|Any CPU
		{C86B958B-1D34-4524-BFCA-24882A2E3969}.Release|Any CPU.ActiveCfg = Release|Any CPU
		{C86B958B-1D34-4524-BFCA-24882A2E3969}.Release|Any CPU.Build.0 = Release|Any CPU
	EndGlobalSection
	GlobalSection(SolutionProperties) = preSolution
		HideSolutionNode = FALSE
	EndGlobalSection
	GlobalSection(ExtensibilityGlobals) = postSolution
		SolutionGuid = {FC663D54-9266-4368-99FD-0288F30BAAFD}
	EndGlobalSection
EndGlobal
