
Microsoft Visual Studio Solution File, Format Version 12.00
# Visual Studio Version 17
VisualStudioVersion = 17.6.33829.357
MinimumVisualStudioVersion = 10.0.40219.1
Project("{FAE04EC0-301F-11D3-BF4B-00C04F79EFBC}") = "PracticaComics", "PracticaComics.csproj", "{55E48A6C-6247-45FF-84E3-26EC7FDCC8A0}"
EndProject
Global
	GlobalSection(SolutionConfigurationPlatforms) = preSolution
		Debug|Any CPU = Debug|Any CPU
		Release|Any CPU = Release|Any CPU
	EndGlobalSection
	GlobalSection(ProjectConfigurationPlatforms) = postSolution
		{55E48A6C-6247-45FF-84E3-26EC7FDCC8A0}.Debug|Any CPU.ActiveCfg = Debug|Any CPU
		{55E48A6C-6247-45FF-84E3-26EC7FDCC8A0}.Debug|Any CPU.Build.0 = Debug|Any CPU
		{55E48A6C-6247-45FF-84E3-26EC7FDCC8A0}.Release|Any CPU.ActiveCfg = Release|Any CPU
		{55E48A6C-6247-45FF-84E3-26EC7FDCC8A0}.Release|Any CPU.Build.0 = Release|Any CPU
	EndGlobalSection
	GlobalSection(SolutionProperties) = preSolution
		HideSolutionNode = FALSE
	EndGlobalSection
	GlobalSection(ExtensibilityGlobals) = postSolution
		SolutionGuid = {09304B55-CF5C-4101-B50C-C21CB4A5B235}
	EndGlobalSection
EndGlobal
