
Microsoft Visual Studio Solution File, Format Version 12.00
# Visual Studio Version 17
VisualStudioVersion = 17.6.33829.357
MinimumVisualStudioVersion = 10.0.40219.1
Project("{FAE04EC0-301F-11D3-BF4B-00C04F79EFBC}") = "MvcCoreEFMultiplesBBDD", "MvcCoreEFMultiplesBBDD.csproj", "{7C321D51-5D96-46C8-9111-91A3F52B0C52}"
EndProject
Global
	GlobalSection(SolutionConfigurationPlatforms) = preSolution
		Debug|Any CPU = Debug|Any CPU
		Release|Any CPU = Release|Any CPU
	EndGlobalSection
	GlobalSection(ProjectConfigurationPlatforms) = postSolution
		{7C321D51-5D96-46C8-9111-91A3F52B0C52}.Debug|Any CPU.ActiveCfg = Debug|Any CPU
		{7C321D51-5D96-46C8-9111-91A3F52B0C52}.Debug|Any CPU.Build.0 = Debug|Any CPU
		{7C321D51-5D96-46C8-9111-91A3F52B0C52}.Release|Any CPU.ActiveCfg = Release|Any CPU
		{7C321D51-5D96-46C8-9111-91A3F52B0C52}.Release|Any CPU.Build.0 = Release|Any CPU
	EndGlobalSection
	GlobalSection(SolutionProperties) = preSolution
		HideSolutionNode = FALSE
	EndGlobalSection
	GlobalSection(ExtensibilityGlobals) = postSolution
		SolutionGuid = {76CC8EDE-E32D-4F00-B829-263FD3076678}
	EndGlobalSection
EndGlobal
