
Microsoft Visual Studio Solution File, Format Version 12.00
# Visual Studio Version 17
VisualStudioVersion = 17.6.33829.357
MinimumVisualStudioVersion = 10.0.40219.1
Project("{FAE04EC0-301F-11D3-BF4B-00C04F79EFBC}") = "MvcCrudDepartamentosEF", "MvcCrudDepartamentosEF.csproj", "{69CE9D18-5F29-4DFC-86B3-66ECBE6FBFFC}"
EndProject
Global
	GlobalSection(SolutionConfigurationPlatforms) = preSolution
		Debug|Any CPU = Debug|Any CPU
		Release|Any CPU = Release|Any CPU
	EndGlobalSection
	GlobalSection(ProjectConfigurationPlatforms) = postSolution
		{69CE9D18-5F29-4DFC-86B3-66ECBE6FBFFC}.Debug|Any CPU.ActiveCfg = Debug|Any CPU
		{69CE9D18-5F29-4DFC-86B3-66ECBE6FBFFC}.Debug|Any CPU.Build.0 = Debug|Any CPU
		{69CE9D18-5F29-4DFC-86B3-66ECBE6FBFFC}.Release|Any CPU.ActiveCfg = Release|Any CPU
		{69CE9D18-5F29-4DFC-86B3-66ECBE6FBFFC}.Release|Any CPU.Build.0 = Release|Any CPU
	EndGlobalSection
	GlobalSection(SolutionProperties) = preSolution
		HideSolutionNode = FALSE
	EndGlobalSection
	GlobalSection(ExtensibilityGlobals) = postSolution
		SolutionGuid = {7650F2D7-8451-4AE9-86C8-DCBC5D8759BF}
	EndGlobalSection
EndGlobal
