
Microsoft Visual Studio Solution File, Format Version 12.00
# Visual Studio Version 17
VisualStudioVersion = 17.6.33829.357
MinimumVisualStudioVersion = 10.0.40219.1
Project("{FAE04EC0-301F-11D3-BF4B-00C04F79EFBC}") = "NetCoreSeguridadPersonalizada", "NetCoreSeguridadPersonalizada.csproj", "{717067C3-69AE-42D6-B38D-B0442B0ACB05}"
EndProject
Global
	GlobalSection(SolutionConfigurationPlatforms) = preSolution
		Debug|Any CPU = Debug|Any CPU
		Release|Any CPU = Release|Any CPU
	EndGlobalSection
	GlobalSection(ProjectConfigurationPlatforms) = postSolution
		{717067C3-69AE-42D6-B38D-B0442B0ACB05}.Debug|Any CPU.ActiveCfg = Debug|Any CPU
		{717067C3-69AE-42D6-B38D-B0442B0ACB05}.Debug|Any CPU.Build.0 = Debug|Any CPU
		{717067C3-69AE-42D6-B38D-B0442B0ACB05}.Release|Any CPU.ActiveCfg = Release|Any CPU
		{717067C3-69AE-42D6-B38D-B0442B0ACB05}.Release|Any CPU.Build.0 = Release|Any CPU
	EndGlobalSection
	GlobalSection(SolutionProperties) = preSolution
		HideSolutionNode = FALSE
	EndGlobalSection
	GlobalSection(ExtensibilityGlobals) = postSolution
		SolutionGuid = {F13C08AC-3CD4-4B5F-9E4D-E2BBE99E7FF1}
	EndGlobalSection
EndGlobal
