
Microsoft Visual Studio Solution File, Format Version 12.00
# Visual Studio Version 17
VisualStudioVersion = 17.6.33829.357
MinimumVisualStudioVersion = 10.0.40219.1
Project("{FAE04EC0-301F-11D3-BF4B-00C04F79EFBC}") = "MvcNetCoreEF", "MvcNetCoreEF.csproj", "{56E33D40-EEC5-4385-A5E3-FDC29A9D9A2F}"
EndProject
Global
	GlobalSection(SolutionConfigurationPlatforms) = preSolution
		Debug|Any CPU = Debug|Any CPU
		Release|Any CPU = Release|Any CPU
	EndGlobalSection
	GlobalSection(ProjectConfigurationPlatforms) = postSolution
		{56E33D40-EEC5-4385-A5E3-FDC29A9D9A2F}.Debug|Any CPU.ActiveCfg = Debug|Any CPU
		{56E33D40-EEC5-4385-A5E3-FDC29A9D9A2F}.Debug|Any CPU.Build.0 = Debug|Any CPU
		{56E33D40-EEC5-4385-A5E3-FDC29A9D9A2F}.Release|Any CPU.ActiveCfg = Release|Any CPU
		{56E33D40-EEC5-4385-A5E3-FDC29A9D9A2F}.Release|Any CPU.Build.0 = Release|Any CPU
	EndGlobalSection
	GlobalSection(SolutionProperties) = preSolution
		HideSolutionNode = FALSE
	EndGlobalSection
	GlobalSection(ExtensibilityGlobals) = postSolution
		SolutionGuid = {F3C7664C-4A67-4F70-94EA-70266FB25B36}
	EndGlobalSection
EndGlobal
