
Microsoft Visual Studio Solution File, Format Version 12.00
# Visual Studio Version 17
VisualStudioVersion = 17.6.33829.357
MinimumVisualStudioVersion = 10.0.40219.1
Project("{FAE04EC0-301F-11D3-BF4B-00C04F79EFBC}") = "MvcCoreEmpty", "MvcCoreEmpty.csproj", "{1B861EC7-9A6A-4294-84A5-AC95D2C18ED2}"
EndProject
Global
	GlobalSection(SolutionConfigurationPlatforms) = preSolution
		Debug|Any CPU = Debug|Any CPU
		Release|Any CPU = Release|Any CPU
	EndGlobalSection
	GlobalSection(ProjectConfigurationPlatforms) = postSolution
		{1B861EC7-9A6A-4294-84A5-AC95D2C18ED2}.Debug|Any CPU.ActiveCfg = Debug|Any CPU
		{1B861EC7-9A6A-4294-84A5-AC95D2C18ED2}.Debug|Any CPU.Build.0 = Debug|Any CPU
		{1B861EC7-9A6A-4294-84A5-AC95D2C18ED2}.Release|Any CPU.ActiveCfg = Release|Any CPU
		{1B861EC7-9A6A-4294-84A5-AC95D2C18ED2}.Release|Any CPU.Build.0 = Release|Any CPU
	EndGlobalSection
	GlobalSection(SolutionProperties) = preSolution
		HideSolutionNode = FALSE
	EndGlobalSection
	GlobalSection(ExtensibilityGlobals) = postSolution
		SolutionGuid = {71C654E4-075B-44B2-839F-87D8485031B2}
	EndGlobalSection
EndGlobal
